Microsoft Visual Studio Solution File, Format Version 11.00
# Visual Studio 2008

Project("{00214933-FC8C-2AE2-FD73-59A572660928}") = "whenurat1percent", "Assembly-CSharp.csproj", "{A2C249A8-C8F1-A54D-32BF-3C2BA3969992}"
EndProject
Global
	GlobalSection(SolutionConfigurationPlatforms) = preSolution
		Debug|Any CPU = Debug|Any CPU
		Release|Any CPU = Release|Any CPU
	EndGlobalSection
	GlobalSection(ProjectConfigurationPlatforms) = postSolution
		{A2C249A8-C8F1-A54D-32BF-3C2BA3969992}.Debug|Any CPU.ActiveCfg = Debug|Any CPU
		{A2C249A8-C8F1-A54D-32BF-3C2BA3969992}.Debug|Any CPU.Build.0 = Debug|Any CPU
		{A2C249A8-C8F1-A54D-32BF-3C2BA3969992}.Release|Any CPU.ActiveCfg = Release|Any CPU
		{A2C249A8-C8F1-A54D-32BF-3C2BA3969992}.Release|Any CPU.Build.0 = Release|Any CPU
	EndGlobalSection
	GlobalSection(SolutionProperties) = preSolution
		HideSolutionNode = FALSE
	EndGlobalSection
	GlobalSection(MonoDevelopProperties) = preSolution
		StartupItem = Assembly-CSharp.csproj
	EndGlobalSection
EndGlobal
